
Microsoft Visual Studio Solution File, Format Version 12.00
# Visual Studio Version 16
VisualStudioVersion = 16.0.31321.278
MinimumVisualStudioVersion = 10.0.40219.1
Project("{FAE04EC0-301F-11D3-BF4B-00C04F79EFBC}") = "EFM_2014_V1", "EFM_2014_V1.csproj", "{5E3E334A-934D-4695-BA13-561C06151F6B}"
EndProject
Global
	GlobalSection(SolutionConfigurationPlatforms) = preSolution
		Debug|Any CPU = Debug|Any CPU
		Release|Any CPU = Release|Any CPU
	EndGlobalSection
	GlobalSection(ProjectConfigurationPlatforms) = postSolution
		{5E3E334A-934D-4695-BA13-561C06151F6B}.Debug|Any CPU.ActiveCfg = Debug|Any CPU
		{5E3E334A-934D-4695-BA13-561C06151F6B}.Debug|Any CPU.Build.0 = Debug|Any CPU
		{5E3E334A-934D-4695-BA13-561C06151F6B}.Release|Any CPU.ActiveCfg = Release|Any CPU
		{5E3E334A-934D-4695-BA13-561C06151F6B}.Release|Any CPU.Build.0 = Release|Any CPU
	EndGlobalSection
	GlobalSection(SolutionProperties) = preSolution
		HideSolutionNode = FALSE
	EndGlobalSection
	GlobalSection(ExtensibilityGlobals) = postSolution
		SolutionGuid = {30B778B4-8166-4221-83AB-B22259CDBDDF}
	EndGlobalSection
EndGlobal
